
Microsoft Visual Studio Solution File, Format Version 12.00
# Visual Studio 15
VisualStudioVersion = 15.0.28307.329
MinimumVisualStudioVersion = 10.0.40219.1
Project("{FAE04EC0-301F-11D3-BF4B-00C04F79EFBC}") = "Sender", "Sender\Sender.csproj", "{9642957B-A9B7-4301-A0A3-E924F10C7439}"
EndProject
Global
	GlobalSection(SolutionConfigurationPlatforms) = preSolution
		Debug|Any CPU = Debug|Any CPU
		Release|Any CPU = Release|Any CPU
	EndGlobalSection
	GlobalSection(ProjectConfigurationPlatforms) = postSolution
		{9642957B-A9B7-4301-A0A3-E924F10C7439}.Debug|Any CPU.ActiveCfg = Debug|Any CPU
		{9642957B-A9B7-4301-A0A3-E924F10C7439}.Debug|Any CPU.Build.0 = Debug|Any CPU
		{9642957B-A9B7-4301-A0A3-E924F10C7439}.Release|Any CPU.ActiveCfg = Release|Any CPU
		{9642957B-A9B7-4301-A0A3-E924F10C7439}.Release|Any CPU.Build.0 = Release|Any CPU
	EndGlobalSection
	GlobalSection(SolutionProperties) = preSolution
		HideSolutionNode = FALSE
	EndGlobalSection
	GlobalSection(ExtensibilityGlobals) = postSolution
		SolutionGuid = {1A729FA4-9E8F-40C2-AC51-B8575EB7481A}
	EndGlobalSection
EndGlobal
